
Microsoft Visual Studio Solution File, Format Version 12.00
# Visual Studio Version 16
VisualStudioVersion = 16.0.30204.135
MinimumVisualStudioVersion = 10.0.40219.1
Project("{FAE04EC0-301F-11D3-BF4B-00C04F79EFBC}") = "Business", "Business\Business.csproj", "{85A95913-C7DF-4E46-B740-FE9ABB7E526E}"
EndProject
Project("{FAE04EC0-301F-11D3-BF4B-00C04F79EFBC}") = "Core", "Core\Core.csproj", "{052B1A5D-10E2-4746-B0C5-CE25660A433E}"
EndProject
Project("{FAE04EC0-301F-11D3-BF4B-00C04F79EFBC}") = "DataAccess", "DataAccess\DataAccess.csproj", "{2CE6F5CF-9E3A-45DF-9684-46328BE2FD25}"
EndProject
Project("{FAE04EC0-301F-11D3-BF4B-00C04F79EFBC}") = "Entities", "Entities\Entities.csproj", "{D034D340-4164-469C-9843-FEFFF260BF97}"
EndProject
Project("{FAE04EC0-301F-11D3-BF4B-00C04F79EFBC}") = "TaxiServiceWebUI", "TaxiServiceWebUI\TaxiServiceWebUI.csproj", "{DE30994F-056B-4982-9461-08405F69D710}"
EndProject
Global
	GlobalSection(SolutionConfigurationPlatforms) = preSolution
		Debug|Any CPU = Debug|Any CPU
		Release|Any CPU = Release|Any CPU
	EndGlobalSection
	GlobalSection(ProjectConfigurationPlatforms) = postSolution
		{85A95913-C7DF-4E46-B740-FE9ABB7E526E}.Debug|Any CPU.ActiveCfg = Debug|Any CPU
		{85A95913-C7DF-4E46-B740-FE9ABB7E526E}.Debug|Any CPU.Build.0 = Debug|Any CPU
		{85A95913-C7DF-4E46-B740-FE9ABB7E526E}.Release|Any CPU.ActiveCfg = Release|Any CPU
		{85A95913-C7DF-4E46-B740-FE9ABB7E526E}.Release|Any CPU.Build.0 = Release|Any CPU
		{052B1A5D-10E2-4746-B0C5-CE25660A433E}.Debug|Any CPU.ActiveCfg = Debug|Any CPU
		{052B1A5D-10E2-4746-B0C5-CE25660A433E}.Debug|Any CPU.Build.0 = Debug|Any CPU
		{052B1A5D-10E2-4746-B0C5-CE25660A433E}.Release|Any CPU.ActiveCfg = Release|Any CPU
		{052B1A5D-10E2-4746-B0C5-CE25660A433E}.Release|Any CPU.Build.0 = Release|Any CPU
		{2CE6F5CF-9E3A-45DF-9684-46328BE2FD25}.Debug|Any CPU.ActiveCfg = Debug|Any CPU
		{2CE6F5CF-9E3A-45DF-9684-46328BE2FD25}.Debug|Any CPU.Build.0 = Debug|Any CPU
		{2CE6F5CF-9E3A-45DF-9684-46328BE2FD25}.Release|Any CPU.ActiveCfg = Release|Any CPU
		{2CE6F5CF-9E3A-45DF-9684-46328BE2FD25}.Release|Any CPU.Build.0 = Release|Any CPU
		{D034D340-4164-469C-9843-FEFFF260BF97}.Debug|Any CPU.ActiveCfg = Debug|Any CPU
		{D034D340-4164-469C-9843-FEFFF260BF97}.Debug|Any CPU.Build.0 = Debug|Any CPU
		{D034D340-4164-469C-9843-FEFFF260BF97}.Release|Any CPU.ActiveCfg = Release|Any CPU
		{D034D340-4164-469C-9843-FEFFF260BF97}.Release|Any CPU.Build.0 = Release|Any CPU
		{DE30994F-056B-4982-9461-08405F69D710}.Debug|Any CPU.ActiveCfg = Debug|Any CPU
		{DE30994F-056B-4982-9461-08405F69D710}.Debug|Any CPU.Build.0 = Debug|Any CPU
		{DE30994F-056B-4982-9461-08405F69D710}.Release|Any CPU.ActiveCfg = Release|Any CPU
		{DE30994F-056B-4982-9461-08405F69D710}.Release|Any CPU.Build.0 = Release|Any CPU
	EndGlobalSection
	GlobalSection(SolutionProperties) = preSolution
		HideSolutionNode = FALSE
	EndGlobalSection
	GlobalSection(ExtensibilityGlobals) = postSolution
		SolutionGuid = {57E4A5DA-EAD0-47FD-9B9C-D86A293BFCAC}
	EndGlobalSection
EndGlobal
